
Microsoft Visual Studio Solution File, Format Version 12.00
# Visual Studio Version 17
VisualStudioVersion = 17.0.31710.8
MinimumVisualStudioVersion = 10.0.40219.1
Project("{9A19103F-16F7-4668-BE54-9A1E7A4F7556}") = "DevConsole", "DevConsole\DevConsole.csproj", "{042550C9-F850-41C2-A891-DEAD54332BE8}"
EndProject
Project("{9A19103F-16F7-4668-BE54-9A1E7A4F7556}") = "DevWebApi", "DevWebApi\DevWebApi.csproj", "{3CEDFDAA-6156-4D3A-B1CD-8A030A0778FA}"
EndProject
Project("{2150E333-8FDC-42A3-9474-1A3956D46DE8}") = "Lib", "Lib", "{4D6C49FE-187B-442F-8567-0CFD5FFE8197}"
EndProject
Project("{9A19103F-16F7-4668-BE54-9A1E7A4F7556}") = "Rn.NetCore.WebCommon", "Rn.NetCore.WebCommon\Rn.NetCore.WebCommon.csproj", "{7F65A692-BCD0-42E5-B9F5-F6C2DB4542BE}"
EndProject
Project("{9A19103F-16F7-4668-BE54-9A1E7A4F7556}") = "Rn.NetCore.WebCommon.T1.Tests", "Rn.NetCore.WebCommon.T1.Tests\Rn.NetCore.WebCommon.T1.Tests.csproj", "{AEEA4D8E-C9BB-4E01-9CD8-8AAAAC590D64}"
EndProject
Project("{9A19103F-16F7-4668-BE54-9A1E7A4F7556}") = "DevApplication.Common", "DevApplication.Common\DevApplication.Common.csproj", "{C0D5257C-8C04-487A-BC4A-37E7EDB7C045}"
EndProject
Global
	GlobalSection(SolutionConfigurationPlatforms) = preSolution
		Debug|Any CPU = Debug|Any CPU
		QuickDebug|Any CPU = QuickDebug|Any CPU
		Release|Any CPU = Release|Any CPU
	EndGlobalSection
	GlobalSection(ProjectConfigurationPlatforms) = postSolution
		{042550C9-F850-41C2-A891-DEAD54332BE8}.Debug|Any CPU.ActiveCfg = Debug|Any CPU
		{042550C9-F850-41C2-A891-DEAD54332BE8}.Debug|Any CPU.Build.0 = Debug|Any CPU
		{042550C9-F850-41C2-A891-DEAD54332BE8}.QuickDebug|Any CPU.ActiveCfg = QuickDebug|Any CPU
		{042550C9-F850-41C2-A891-DEAD54332BE8}.QuickDebug|Any CPU.Build.0 = QuickDebug|Any CPU
		{042550C9-F850-41C2-A891-DEAD54332BE8}.Release|Any CPU.ActiveCfg = Release|Any CPU
		{042550C9-F850-41C2-A891-DEAD54332BE8}.Release|Any CPU.Build.0 = Release|Any CPU
		{3CEDFDAA-6156-4D3A-B1CD-8A030A0778FA}.Debug|Any CPU.ActiveCfg = Debug|Any CPU
		{3CEDFDAA-6156-4D3A-B1CD-8A030A0778FA}.Debug|Any CPU.Build.0 = Debug|Any CPU
		{3CEDFDAA-6156-4D3A-B1CD-8A030A0778FA}.QuickDebug|Any CPU.ActiveCfg = QuickDebug|Any CPU
		{3CEDFDAA-6156-4D3A-B1CD-8A030A0778FA}.QuickDebug|Any CPU.Build.0 = QuickDebug|Any CPU
		{3CEDFDAA-6156-4D3A-B1CD-8A030A0778FA}.Release|Any CPU.ActiveCfg = Release|Any CPU
		{3CEDFDAA-6156-4D3A-B1CD-8A030A0778FA}.Release|Any CPU.Build.0 = Release|Any CPU
		{7F65A692-BCD0-42E5-B9F5-F6C2DB4542BE}.Debug|Any CPU.ActiveCfg = Debug|Any CPU
		{7F65A692-BCD0-42E5-B9F5-F6C2DB4542BE}.Debug|Any CPU.Build.0 = Debug|Any CPU
		{7F65A692-BCD0-42E5-B9F5-F6C2DB4542BE}.QuickDebug|Any CPU.ActiveCfg = QuickDebug|Any CPU
		{7F65A692-BCD0-42E5-B9F5-F6C2DB4542BE}.QuickDebug|Any CPU.Build.0 = QuickDebug|Any CPU
		{7F65A692-BCD0-42E5-B9F5-F6C2DB4542BE}.Release|Any CPU.ActiveCfg = Release|Any CPU
		{7F65A692-BCD0-42E5-B9F5-F6C2DB4542BE}.Release|Any CPU.Build.0 = Release|Any CPU
		{AEEA4D8E-C9BB-4E01-9CD8-8AAAAC590D64}.Debug|Any CPU.ActiveCfg = Debug|Any CPU
		{AEEA4D8E-C9BB-4E01-9CD8-8AAAAC590D64}.Debug|Any CPU.Build.0 = Debug|Any CPU
		{AEEA4D8E-C9BB-4E01-9CD8-8AAAAC590D64}.QuickDebug|Any CPU.ActiveCfg = QuickDebug|Any CPU
		{AEEA4D8E-C9BB-4E01-9CD8-8AAAAC590D64}.QuickDebug|Any CPU.Build.0 = QuickDebug|Any CPU
		{AEEA4D8E-C9BB-4E01-9CD8-8AAAAC590D64}.Release|Any CPU.ActiveCfg = Release|Any CPU
		{AEEA4D8E-C9BB-4E01-9CD8-8AAAAC590D64}.Release|Any CPU.Build.0 = Release|Any CPU
		{C0D5257C-8C04-487A-BC4A-37E7EDB7C045}.Debug|Any CPU.ActiveCfg = Debug|Any CPU
		{C0D5257C-8C04-487A-BC4A-37E7EDB7C045}.Debug|Any CPU.Build.0 = Debug|Any CPU
		{C0D5257C-8C04-487A-BC4A-37E7EDB7C045}.QuickDebug|Any CPU.ActiveCfg = QuickDebug|Any CPU
		{C0D5257C-8C04-487A-BC4A-37E7EDB7C045}.QuickDebug|Any CPU.Build.0 = QuickDebug|Any CPU
		{C0D5257C-8C04-487A-BC4A-37E7EDB7C045}.Release|Any CPU.ActiveCfg = Release|Any CPU
		{C0D5257C-8C04-487A-BC4A-37E7EDB7C045}.Release|Any CPU.Build.0 = Release|Any CPU
	EndGlobalSection
	GlobalSection(SolutionProperties) = preSolution
		HideSolutionNode = FALSE
	EndGlobalSection
	GlobalSection(NestedProjects) = preSolution
		{7F65A692-BCD0-42E5-B9F5-F6C2DB4542BE} = {4D6C49FE-187B-442F-8567-0CFD5FFE8197}
		{AEEA4D8E-C9BB-4E01-9CD8-8AAAAC590D64} = {4D6C49FE-187B-442F-8567-0CFD5FFE8197}
	EndGlobalSection
	GlobalSection(ExtensibilityGlobals) = postSolution
		SolutionGuid = {3DDD2D7A-577F-404C-8A03-B9BAC32B80ED}
	EndGlobalSection
EndGlobal
